
Microsoft Visual Studio Solution File, Format Version 12.00
# Visual Studio Version 17
VisualStudioVersion = 17.9.34701.34
MinimumVisualStudioVersion = 10.0.40219.1
Project("{F184B08F-C81C-45F6-A57F-5ABD9991F28F}") = "VOTACIONES", "VOTACIONES\VOTACIONES.vbproj", "{D8F7F7BA-4867-48D0-B24D-A08FAD27F602}"
EndProject
Global
	GlobalSection(SolutionConfigurationPlatforms) = preSolution
		Debug|Any CPU = Debug|Any CPU
		Release|Any CPU = Release|Any CPU
	EndGlobalSection
	GlobalSection(ProjectConfigurationPlatforms) = postSolution
		{D8F7F7BA-4867-48D0-B24D-A08FAD27F602}.Debug|Any CPU.ActiveCfg = Debug|Any CPU
		{D8F7F7BA-4867-48D0-B24D-A08FAD27F602}.Debug|Any CPU.Build.0 = Debug|Any CPU
		{D8F7F7BA-4867-48D0-B24D-A08FAD27F602}.Release|Any CPU.ActiveCfg = Release|Any CPU
		{D8F7F7BA-4867-48D0-B24D-A08FAD27F602}.Release|Any CPU.Build.0 = Release|Any CPU
	EndGlobalSection
	GlobalSection(SolutionProperties) = preSolution
		HideSolutionNode = FALSE
	EndGlobalSection
	GlobalSection(ExtensibilityGlobals) = postSolution
		SolutionGuid = {155AE690-D743-4FAE-939F-F37962BC9474}
	EndGlobalSection
EndGlobal
